
Microsoft Visual Studio Solution File, Format Version 12.00
# Visual Studio Version 16
VisualStudioVersion = 16.0.29519.87
MinimumVisualStudioVersion = 10.0.40219.1
Project("{FAE04EC0-301F-11D3-BF4B-00C04F79EFBC}") = "SmartTransportApp", "SmartTransportApp\SmartTransportApp.csproj", "{C4D90627-C956-4D23-8E6C-623F9B211B18}"
EndProject
Global
	GlobalSection(SolutionConfigurationPlatforms) = preSolution
		Debug|Any CPU = Debug|Any CPU
		Release|Any CPU = Release|Any CPU
	EndGlobalSection
	GlobalSection(ProjectConfigurationPlatforms) = postSolution
		{C4D90627-C956-4D23-8E6C-623F9B211B18}.Debug|Any CPU.ActiveCfg = Debug|Any CPU
		{C4D90627-C956-4D23-8E6C-623F9B211B18}.Debug|Any CPU.Build.0 = Debug|Any CPU
		{C4D90627-C956-4D23-8E6C-623F9B211B18}.Release|Any CPU.ActiveCfg = Release|Any CPU
		{C4D90627-C956-4D23-8E6C-623F9B211B18}.Release|Any CPU.Build.0 = Release|Any CPU
	EndGlobalSection
	GlobalSection(SolutionProperties) = preSolution
		HideSolutionNode = FALSE
	EndGlobalSection
	GlobalSection(ExtensibilityGlobals) = postSolution
		SolutionGuid = {00B2FD73-26BC-4821-96ED-55A874527E26}
	EndGlobalSection
EndGlobal
